
Microsoft Visual Studio Solution File, Format Version 12.00
# Visual Studio 15
Project("{FAE04EC0-301F-11D3-BF4B-00C04F79EFBC}") = "Assembly-CSharp", "Assembly-CSharp.csproj", "{DD4641AD-1615-C0F4-BC22-8A2139A747C9}"
EndProject
Project("{FAE04EC0-301F-11D3-BF4B-00C04F79EFBC}") = "GoogleMobileAds.Editor", "GoogleMobileAds.Editor.csproj", "{BFF7968E-A5D4-29D7-F67F-7A6908FED844}"
EndProject
Global
	GlobalSection(SolutionConfigurationPlatforms) = preSolution
		Debug|Any CPU = Debug|Any CPU
		Release|Any CPU = Release|Any CPU
	EndGlobalSection
	GlobalSection(ProjectConfigurationPlatforms) = postSolution
		{DD4641AD-1615-C0F4-BC22-8A2139A747C9}.Debug|Any CPU.ActiveCfg = Debug|Any CPU
		{DD4641AD-1615-C0F4-BC22-8A2139A747C9}.Debug|Any CPU.Build.0 = Debug|Any CPU
		{DD4641AD-1615-C0F4-BC22-8A2139A747C9}.Release|Any CPU.ActiveCfg = Release|Any CPU
		{DD4641AD-1615-C0F4-BC22-8A2139A747C9}.Release|Any CPU.Build.0 = Release|Any CPU
		{BFF7968E-A5D4-29D7-F67F-7A6908FED844}.Debug|Any CPU.ActiveCfg = Debug|Any CPU
		{BFF7968E-A5D4-29D7-F67F-7A6908FED844}.Debug|Any CPU.Build.0 = Debug|Any CPU
		{BFF7968E-A5D4-29D7-F67F-7A6908FED844}.Release|Any CPU.ActiveCfg = Release|Any CPU
		{BFF7968E-A5D4-29D7-F67F-7A6908FED844}.Release|Any CPU.Build.0 = Release|Any CPU
	EndGlobalSection
	GlobalSection(SolutionProperties) = preSolution
		HideSolutionNode = FALSE
	EndGlobalSection
EndGlobal
